
Microsoft Visual Studio Solution File, Format Version 12.00
# Visual Studio Version 16
VisualStudioVersion = 16.0.30907.101
MinimumVisualStudioVersion = 10.0.40219.1
Project("{FAE04EC0-301F-11D3-BF4B-00C04F79EFBC}") = "BTLayout02.Android", "BTLayout02.Android\BTLayout02.Android.csproj", "{653ACBC4-3DF5-4291-B192-B3B506F6AAE7}"
EndProject
Project("{FAE04EC0-301F-11D3-BF4B-00C04F79EFBC}") = "BTLayout02", "BTLayout02\BTLayout02.csproj", "{7A8CD975-A4E8-496E-B0B5-8CE6C4C1C402}"
EndProject
Global
	GlobalSection(SolutionConfigurationPlatforms) = preSolution
		Debug|Any CPU = Debug|Any CPU
		Release|Any CPU = Release|Any CPU
	EndGlobalSection
	GlobalSection(ProjectConfigurationPlatforms) = postSolution
		{653ACBC4-3DF5-4291-B192-B3B506F6AAE7}.Debug|Any CPU.ActiveCfg = Debug|Any CPU
		{653ACBC4-3DF5-4291-B192-B3B506F6AAE7}.Debug|Any CPU.Build.0 = Debug|Any CPU
		{653ACBC4-3DF5-4291-B192-B3B506F6AAE7}.Debug|Any CPU.Deploy.0 = Debug|Any CPU
		{653ACBC4-3DF5-4291-B192-B3B506F6AAE7}.Release|Any CPU.ActiveCfg = Release|Any CPU
		{653ACBC4-3DF5-4291-B192-B3B506F6AAE7}.Release|Any CPU.Build.0 = Release|Any CPU
		{653ACBC4-3DF5-4291-B192-B3B506F6AAE7}.Release|Any CPU.Deploy.0 = Release|Any CPU
		{7A8CD975-A4E8-496E-B0B5-8CE6C4C1C402}.Debug|Any CPU.ActiveCfg = Debug|Any CPU
		{7A8CD975-A4E8-496E-B0B5-8CE6C4C1C402}.Debug|Any CPU.Build.0 = Debug|Any CPU
		{7A8CD975-A4E8-496E-B0B5-8CE6C4C1C402}.Debug|Any CPU.Deploy.0 = Debug|Any CPU
		{7A8CD975-A4E8-496E-B0B5-8CE6C4C1C402}.Release|Any CPU.ActiveCfg = Release|Any CPU
		{7A8CD975-A4E8-496E-B0B5-8CE6C4C1C402}.Release|Any CPU.Build.0 = Release|Any CPU
		{7A8CD975-A4E8-496E-B0B5-8CE6C4C1C402}.Release|Any CPU.Deploy.0 = Release|Any CPU
	EndGlobalSection
	GlobalSection(SolutionProperties) = preSolution
		HideSolutionNode = FALSE
	EndGlobalSection
	GlobalSection(ExtensibilityGlobals) = postSolution
		SolutionGuid = {37950E25-DBC2-42F9-A936-E334FC3B7A43}
	EndGlobalSection
EndGlobal
